
Microsoft Visual Studio Solution File, Format Version 12.00
# Visual Studio Version 16
VisualStudioVersion = 16.0.31424.327
MinimumVisualStudioVersion = 10.0.40219.1
Project("{FAE04EC0-301F-11D3-BF4B-00C04F79EFBC}") = "peacewebapp104", "peacewebapp104\peacewebapp104.csproj", "{115A33EE-4DE1-4C75-B384-D0577DAACFD6}"
EndProject
Global
	GlobalSection(SolutionConfigurationPlatforms) = preSolution
		Debug|Any CPU = Debug|Any CPU
		Release|Any CPU = Release|Any CPU
	EndGlobalSection
	GlobalSection(ProjectConfigurationPlatforms) = postSolution
		{115A33EE-4DE1-4C75-B384-D0577DAACFD6}.Debug|Any CPU.ActiveCfg = Debug|Any CPU
		{115A33EE-4DE1-4C75-B384-D0577DAACFD6}.Debug|Any CPU.Build.0 = Debug|Any CPU
		{115A33EE-4DE1-4C75-B384-D0577DAACFD6}.Release|Any CPU.ActiveCfg = Release|Any CPU
		{115A33EE-4DE1-4C75-B384-D0577DAACFD6}.Release|Any CPU.Build.0 = Release|Any CPU
	EndGlobalSection
	GlobalSection(SolutionProperties) = preSolution
		HideSolutionNode = FALSE
	EndGlobalSection
	GlobalSection(ExtensibilityGlobals) = postSolution
		SolutionGuid = {AE429A85-6B3F-4473-8A71-E4E47E7029FF}
	EndGlobalSection
EndGlobal
